
Microsoft Visual Studio Solution File, Format Version 12.00
# Visual Studio Version 17
VisualStudioVersion = 17.5.002.0
MinimumVisualStudioVersion = 10.0.40219.1
Project("{9A19103F-16F7-4668-BE54-9A1E7A4F7556}") = "DesafioFundamentos", "DesafioFundamentos.csproj", "{DE7FBF4B-D5C2-4FD9-B9E9-02186DE1EE5F}"
EndProject
Global
	GlobalSection(SolutionConfigurationPlatforms) = preSolution
		Debug|Any CPU = Debug|Any CPU
		Release|Any CPU = Release|Any CPU
	EndGlobalSection
	GlobalSection(ProjectConfigurationPlatforms) = postSolution
		{DE7FBF4B-D5C2-4FD9-B9E9-02186DE1EE5F}.Debug|Any CPU.ActiveCfg = Debug|Any CPU
		{DE7FBF4B-D5C2-4FD9-B9E9-02186DE1EE5F}.Debug|Any CPU.Build.0 = Debug|Any CPU
		{DE7FBF4B-D5C2-4FD9-B9E9-02186DE1EE5F}.Release|Any CPU.ActiveCfg = Release|Any CPU
		{DE7FBF4B-D5C2-4FD9-B9E9-02186DE1EE5F}.Release|Any CPU.Build.0 = Release|Any CPU
	EndGlobalSection
	GlobalSection(SolutionProperties) = preSolution
		HideSolutionNode = FALSE
	EndGlobalSection
	GlobalSection(ExtensibilityGlobals) = postSolution
		SolutionGuid = {34C2379A-1E72-46BA-ADDC-443A3041EE0B}
	EndGlobalSection
EndGlobal
